
Microsoft Visual Studio Solution File, Format Version 12.00
# Visual Studio Version 17
VisualStudioVersion = 17.10.35122.118
MinimumVisualStudioVersion = 10.0.40219.1
Project("{FAE04EC0-301F-11D3-BF4B-00C04F79EFBC}") = "Aplicacion", "Aplicacion\Aplicacion.csproj", "{489FB1CB-8CA0-4EA3-82C2-99A4A895CEC4}"
EndProject
Project("{FAE04EC0-301F-11D3-BF4B-00C04F79EFBC}") = "Dominio", "Dominio\Dominio.csproj", "{E2BC1CE9-805D-4566-905E-5AD3A948DEE7}"
EndProject
Global
	GlobalSection(SolutionConfigurationPlatforms) = preSolution
		Debug|Any CPU = Debug|Any CPU
		Release|Any CPU = Release|Any CPU
	EndGlobalSection
	GlobalSection(ProjectConfigurationPlatforms) = postSolution
		{489FB1CB-8CA0-4EA3-82C2-99A4A895CEC4}.Debug|Any CPU.ActiveCfg = Debug|Any CPU
		{489FB1CB-8CA0-4EA3-82C2-99A4A895CEC4}.Debug|Any CPU.Build.0 = Debug|Any CPU
		{489FB1CB-8CA0-4EA3-82C2-99A4A895CEC4}.Release|Any CPU.ActiveCfg = Release|Any CPU
		{489FB1CB-8CA0-4EA3-82C2-99A4A895CEC4}.Release|Any CPU.Build.0 = Release|Any CPU
		{E2BC1CE9-805D-4566-905E-5AD3A948DEE7}.Debug|Any CPU.ActiveCfg = Debug|Any CPU
		{E2BC1CE9-805D-4566-905E-5AD3A948DEE7}.Debug|Any CPU.Build.0 = Debug|Any CPU
		{E2BC1CE9-805D-4566-905E-5AD3A948DEE7}.Release|Any CPU.ActiveCfg = Release|Any CPU
		{E2BC1CE9-805D-4566-905E-5AD3A948DEE7}.Release|Any CPU.Build.0 = Release|Any CPU
	EndGlobalSection
	GlobalSection(SolutionProperties) = preSolution
		HideSolutionNode = FALSE
	EndGlobalSection
	GlobalSection(ExtensibilityGlobals) = postSolution
		SolutionGuid = {911E525D-5025-4992-AC19-7940D52F76D2}
	EndGlobalSection
EndGlobal
